
Microsoft Visual Studio Solution File, Format Version 12.00
# Visual Studio 15
VisualStudioVersion = 15.0.27004.2002
MinimumVisualStudioVersion = 10.0.40219.1
Project("{A0786B88-2ADB-4C21-ABE8-AA2D79766269}") = "Dice Roller", "Dice Roller\Dice Roller.phpproj", "{6C3D9097-7B65-4F96-93BF-837265D48497}"
EndProject
Global
	GlobalSection(SolutionConfigurationPlatforms) = preSolution
		Debug|Any CPU = Debug|Any CPU
		Release|Any CPU = Release|Any CPU
	EndGlobalSection
	GlobalSection(ProjectConfigurationPlatforms) = postSolution
		{6C3D9097-7B65-4F96-93BF-837265D48497}.Debug|Any CPU.ActiveCfg = Debug|Any CPU
		{6C3D9097-7B65-4F96-93BF-837265D48497}.Release|Any CPU.ActiveCfg = Release|Any CPU
	EndGlobalSection
	GlobalSection(SolutionProperties) = preSolution
		HideSolutionNode = FALSE
	EndGlobalSection
	GlobalSection(ExtensibilityGlobals) = postSolution
		SolutionGuid = {780F1B5B-1577-4A4F-898C-A1815CD8909F}
	EndGlobalSection
EndGlobal
